
Microsoft Visual Studio Solution File, Format Version 12.00
# Visual Studio Version 17
VisualStudioVersion = 17.8.34330.188
MinimumVisualStudioVersion = 10.0.40219.1
Project("{FAE04EC0-301F-11D3-BF4B-00C04F79EFBC}") = "backend", "backend.csproj", "{0043342D-BC66-4773-A0FA-D15D9605BCD9}"
EndProject
Global
	GlobalSection(SolutionConfigurationPlatforms) = preSolution
		Debug|Any CPU = Debug|Any CPU
		Release|Any CPU = Release|Any CPU
	EndGlobalSection
	GlobalSection(ProjectConfigurationPlatforms) = postSolution
		{0043342D-BC66-4773-A0FA-D15D9605BCD9}.Debug|Any CPU.ActiveCfg = Debug|Any CPU
		{0043342D-BC66-4773-A0FA-D15D9605BCD9}.Debug|Any CPU.Build.0 = Debug|Any CPU
		{0043342D-BC66-4773-A0FA-D15D9605BCD9}.Release|Any CPU.ActiveCfg = Release|Any CPU
		{0043342D-BC66-4773-A0FA-D15D9605BCD9}.Release|Any CPU.Build.0 = Release|Any CPU
	EndGlobalSection
	GlobalSection(SolutionProperties) = preSolution
		HideSolutionNode = FALSE
	EndGlobalSection
	GlobalSection(ExtensibilityGlobals) = postSolution
		SolutionGuid = {5B96EA52-46D9-4BB5-B316-12DC0342C5F5}
	EndGlobalSection
EndGlobal
